// !$*UTF8*$!
{
	archiveVersion = 1;
	classes = {
	};
	objectVersion = 48;
	objects = {

/* Begin PBXBuildFile section */
		FECA908A20614A880077571E /* AppDelegate.swift in Sources */ = {isa = PBXBuildFile; fileRef = FECA908920614A880077571E /* AppDelegate.swift */; };
		FECA908C20614A880077571E /* ViewController.swift in Sources */ = {isa = PBXBuildFile; fileRef = FECA908B20614A880077571E /* ViewController.swift */; };
		FECA908F20614A880077571E /* Main.storyboard in Resources */ = {isa = PBXBuildFile; fileRef = FECA908D20614A880077571E /* Main.storyboard */; };
		FECA909120614A880077571E /* Assets.xcassets in Resources */ = {isa = PBXBuildFile; fileRef = FECA909020614A880077571E /* Assets.xcassets */; };
		FECA909420614A880077571E /* LaunchScreen.storyboard in Resources */ = {isa = PBXBuildFile; fileRef = FECA909220614A880077571E /* LaunchScreen.storyboard */; };
		FECA90A020614B1F0077571E /* TableViewCell.swift in Sources */ = {isa = PBXBuildFile; fileRef = FECA909E20614B1F0077571E /* TableViewCell.swift */; };
		FECA90A120614B1F0077571E /* TableViewCell.xib in Resources */ = {isa = PBXBuildFile; fileRef = FECA909F20614B1F0077571E /* TableViewCell.xib */; };
		FECA90A320614D710077571E /* Quote.swift in Sources */ = {isa = PBXBuildFile; fileRef = FECA90A220614D710077571E /* Quote.swift */; };
		FECA90A520614DDF0077571E /* QuotesDataSource.swift in Sources */ = {isa = PBXBuildFile; fileRef = FECA90A420614DDF0077571E /* QuotesDataSource.swift */; };
/* End PBXBuildFile section */

/* Begin PBXFileReference section */
		FECA908620614A880077571E /* TableViewMVC.app */ = {isa = PBXFileReference; explicitFileType = wrapper.application; includeInIndex = 0; path = TableViewMVC.app; sourceTree = BUILT_PRODUCTS_DIR; };
		FECA908920614A880077571E /* AppDelegate.swift */ = {isa = PBXFileReference; lastKnownFileType = sourcecode.swift; path = AppDelegate.swift; sourceTree = "<group>"; };
		FECA908B20614A880077571E /* ViewController.swift */ = {isa = PBXFileReference; lastKnownFileType = sourcecode.swift; path = ViewController.swift; sourceTree = "<group>"; };
		FECA908E20614A880077571E /* Base */ = {isa = PBXFileReference; lastKnownFileType = file.storyboard; name = Base; path = Base.lproj/Main.storyboard; sourceTree = "<group>"; };
		FECA909020614A880077571E /* Assets.xcassets */ = {isa = PBXFileReference; lastKnownFileType = folder.assetcatalog; path = Assets.xcassets; sourceTree = "<group>"; };
		FECA909320614A880077571E /* Base */ = {isa = PBXFileReference; lastKnownFileType = file.storyboard; name = Base; path = Base.lproj/LaunchScreen.storyboard; sourceTree = "<group>"; };
		FECA909520614A880077571E /* Info.plist */ = {isa = PBXFileReference; lastKnownFileType = text.plist.xml; path = Info.plist; sourceTree = "<group>"; };
		FECA909E20614B1F0077571E /* TableViewCell.swift */ = {isa = PBXFileReference; lastKnownFileType = sourcecode.swift; path = TableViewCell.swift; sourceTree = "<group>"; };
		FECA909F20614B1F0077571E /* TableViewCell.xib */ = {isa = PBXFileReference; lastKnownFileType = file.xib; path = TableViewCell.xib; sourceTree = "<group>"; };
		FECA90A220614D710077571E /* Quote.swift */ = {isa = PBXFileReference; lastKnownFileType = sourcecode.swift; path = Quote.swift; sourceTree = "<group>"; };
		FECA90A420614DDF0077571E /* QuotesDataSource.swift */ = {isa = PBXFileReference; lastKnownFileType = sourcecode.swift; path = QuotesDataSource.swift; sourceTree = "<group>"; };
/* End PBXFileReference section */

/* Begin PBXFrameworksBuildPhase section */
		FECA908320614A880077571E /* Frameworks */ = {
			isa = PBXFrameworksBuildPhase;
			buildActionMask = 2147483647;
			files = (
			);
			runOnlyForDeploymentPostprocessing = 0;
		};
/* End PBXFrameworksBuildPhase section */

/* Begin PBXGroup section */
		FECA907D20614A880077571E = {
			isa = PBXGroup;
			children = (
				FECA908820614A880077571E /* TableViewMVC */,
				FECA908720614A880077571E /* Products */,
			);
			sourceTree = "<group>";
		};
		FECA908720614A880077571E /* Products */ = {
			isa = PBXGroup;
			children = (
				FECA908620614A880077571E /* TableViewMVC.app */,
			);
			name = Products;
			sourceTree = "<group>";
		};
		FECA908820614A880077571E /* TableViewMVC */ = {
			isa = PBXGroup;
			children = (
				FECA908920614A880077571E /* AppDelegate.swift */,
				FECA909D20614AA00077571E /* Controller */,
				FECA909C20614A9A0077571E /* View */,
				FECA909B20614A920077571E /* Model */,
				FECA909520614A880077571E /* Info.plist */,
			);
			path = TableViewMVC;
			sourceTree = "<group>";
		};
		FECA909B20614A920077571E /* Model */ = {
			isa = PBXGroup;
			children = (
				FECA90A220614D710077571E /* Quote.swift */,
				FECA90A420614DDF0077571E /* QuotesDataSource.swift */,
			);
			path = Model;
			sourceTree = "<group>";
		};
		FECA909C20614A9A0077571E /* View */ = {
			isa = PBXGroup;
			children = (
				FECA908D20614A880077571E /* Main.storyboard */,
				FECA909020614A880077571E /* Assets.xcassets */,
				FECA909220614A880077571E /* LaunchScreen.storyboard */,
				FECA909E20614B1F0077571E /* TableViewCell.swift */,
				FECA909F20614B1F0077571E /* TableViewCell.xib */,
			);
			path = View;
			sourceTree = "<group>";
		};
		FECA909D20614AA00077571E /* Controller */ = {
			isa = PBXGroup;
			children = (
				FECA908B20614A880077571E /* ViewController.swift */,
			);
			path = Controller;
			sourceTree = "<group>";
		};
/* End PBXGroup section */

/* Begin PBXNativeTarget section */
		FECA908520614A880077571E /* TableViewMVC */ = {
			isa = PBXNativeTarget;
			buildConfigurationList = FECA909820614A880077571E /* Build configuration list for PBXNativeTarget "TableViewMVC" */;
			buildPhases = (
				FECA908220614A880077571E /* Sources */,
				FECA908320614A880077571E /* Frameworks */,
				FECA908420614A880077571E /* Resources */,
			);
			buildRules = (
			);
			dependencies = (
			);
			name = TableViewMVC;
			productName = TableViewMVC;
			productReference = FECA908620614A880077571E /* TableViewMVC.app */;
			productType = "com.apple.product-type.application";
		};
/* End PBXNativeTarget section */

/* Begin PBXProject section */
		FECA907E20614A880077571E /* Project object */ = {
			isa = PBXProject;
			attributes = {
				LastSwiftUpdateCheck = 0920;
				LastUpgradeCheck = 0920;
				ORGANIZATIONNAME = "Juan Landy";
				TargetAttributes = {
					FECA908520614A880077571E = {
						CreatedOnToolsVersion = 9.2;
						ProvisioningStyle = Automatic;
					};
				};
			};
			buildConfigurationList = FECA908120614A880077571E /* Build configuration list for PBXProject "TableViewMVC" */;
			compatibilityVersion = "Xcode 8.0";
			developmentRegion = en;
			hasScannedForEncodings = 0;
			knownRegions = (
				en,
				Base,
			);
			mainGroup = FECA907D20614A880077571E;
			productRefGroup = FECA908720614A880077571E /* Products */;
			projectDirPath = "";
			projectRoot = "";
			targets = (
				FECA908520614A880077571E /* TableViewMVC */,
			);
		};
/* End PBXProject section */

/* Begin PBXResourcesBuildPhase section */
		FECA908420614A880077571E /* Resources */ = {
			isa = PBXResourcesBuildPhase;
			buildActionMask = 2147483647;
			files = (
				FECA909420614A880077571E /* LaunchScreen.storyboard in Resources */,
				FECA90A120614B1F0077571E /* TableViewCell.xib in Resources */,
				FECA909120614A880077571E /* Assets.xcassets in Resources */,
				FECA908F20614A880077571E /* Main.storyboard in Resources */,
			);
			runOnlyForDeploymentPostprocessing = 0;
		};
/* End PBXResourcesBuildPhase section */

/* Begin PBXSourcesBuildPhase section */
		FECA908220614A880077571E /* Sources */ = {
			isa = PBXSourcesBuildPhase;
			buildActionMask = 2147483647;
			files = (
				FECA90A320614D710077571E /* Quote.swift in Sources */,
				FECA90A020614B1F0077571E /* TableViewCell.swift in Sources */,
				FECA908C20614A880077571E /* ViewController.swift in Sources */,
				FECA90A520614DDF0077571E /* QuotesDataSource.swift in Sources */,
				FECA908A20614A880077571E /* AppDelegate.swift in Sources */,
			);
			runOnlyForDeploymentPostprocessing = 0;
		};
/* End PBXSourcesBuildPhase section */

/* Begin PBXVariantGroup section */
		FECA908D20614A880077571E /* Main.storyboard */ = {
			isa = PBXVariantGroup;
			children = (
				FECA908E20614A880077571E /* Base */,
			);
			name = Main.storyboard;
			sourceTree = "<group>";
		};
		FECA909220614A880077571E /* LaunchScreen.storyboard */ = {
			isa = PBXVariantGroup;
			children = (
				FECA909320614A880077571E /* Base */,
			);
			name = LaunchScreen.storyboard;
			sourceTree = "<group>";
		};
/* End PBXVariantGroup section */

/* Begin XCBuildConfiguration section */
		FECA909620614A880077571E /* Debug */ = {
			isa = XCBuildConfiguration;
			buildSettings = {
				ALWAYS_SEARCH_USER_PATHS = NO;
				CLANG_ANALYZER_NONNULL = YES;
				CLANG_ANALYZER_NUMBER_OBJECT_CONVERSION = YES_AGGRESSIVE;
				CLANG_CXX_LANGUAGE_STANDARD = "gnu++14";
				CLANG_CXX_LIBRARY = "libc++";
				CLANG_ENABLE_MODULES = YES;
				CLANG_ENABLE_OBJC_ARC = YES;
				CLANG_WARN_BLOCK_CAPTURE_AUTORELEASING = YES;
				CLANG_WARN_BOOL_CONVERSION = YES;
				CLANG_WARN_COMMA = YES;
				CLANG_WARN_CONSTANT_CONVERSION = YES;
				CLANG_WARN_DIRECT_OBJC_ISA_USAGE = YES_ERROR;
				CLANG_WARN_DOCUMENTATION_COMMENTS = YES;
				CLANG_WARN_EMPTY_BODY = YES;
				CLANG_WARN_ENUM_CONVERSION = YES;
				CLANG_WARN_INFINITE_RECURSION = YES;
				CLANG_WARN_INT_CONVERSION = YES;
				CLANG_WARN_NON_LITERAL_NULL_CONVERSION = YES;
				CLANG_WARN_OBJC_LITERAL_CONVERSION = YES;
				CLANG_WARN_OBJC_ROOT_CLASS = YES_ERROR;
				CLANG_WARN_RANGE_LOOP_ANALYSIS = YES;
				CLANG_WARN_STRICT_PROTOTYPES = YES;
				CLANG_WARN_SUSPICIOUS_MOVE = YES;
				CLANG_WARN_UNGUARDED_AVAILABILITY = YES_AGGRESSIVE;
				CLANG_WARN_UNREACHABLE_CODE = YES;
				CLANG_WARN__DUPLICATE_METHOD_MATCH = YES;
				CODE_SIGN_IDENTITY = "iPhone Developer";
				COPY_PHASE_STRIP = NO;
				DEBUG_INFORMATION_FORMAT = dwarf;
				ENABLE_STRICT_OBJC_MSGSEND = YES;
				ENABLE_TESTABILITY = YES;
				GCC_C_LANGUAGE_STANDARD = gnu11;
				GCC_DYNAMIC_NO_PIC = NO;
				GCC_NO_COMMON_BLOCKS = YES;
				GCC_OPTIMIZATION_LEVEL = 0;
				GCC_PREPROCESSOR_DEFINITIONS = (
					"DEBUG=1",
					"$(inherited)",
				);
				GCC_WARN_64_TO_32_BIT_CONVERSION = YES;
				GCC_WARN_ABOUT_RETURN_TYPE = YES_ERROR;
				GCC_WARN_UNDECLARED_SELECTOR = YES;
				GCC_WARN_UNINITIALIZED_AUTOS = YES_AGGRESSIVE;
				GCC_WARN_UNUSED_FUNCTION = YES;
				GCC_WARN_UNUSED_VARIABLE = YES;
				IPHONEOS_DEPLOYMENT_TARGET = 11.2;
				MTL_ENABLE_DEBUG_INFO = YES;
				ONLY_ACTIVE_ARCH = YES;
				SDKROOT = iphoneos;
				SWIFT_ACTIVE_COMPILATION_CONDITIONS = DEBUG;
				SWIFT_OPTIMIZATION_LEVEL = "-Onone";
			};
			name = Debug;
		};
		FECA909720614A880077571E /* Release */ = {
			isa = XCBuildConfiguration;
			buildSettings = {
				ALWAYS_SEARCH_USER_PATHS = NO;
				CLANG_ANALYZER_NONNULL = YES;
				CLANG_ANALYZER_NUMBER_OBJECT_CONVERSION = YES_AGGRESSIVE;
				CLANG_CXX_LANGUAGE_STANDARD = "gnu++14";
				CLANG_CXX_LIBRARY = "libc++";
				CLANG_ENABLE_MODULES = YES;
				CLANG_ENABLE_OBJC_ARC = YES;
				CLANG_WARN_BLOCK_CAPTURE_AUTORELEASING = YES;
				CLANG_WARN_BOOL_CONVERSION = YES;
				CLANG_WARN_COMMA = YES;
				CLANG_WARN_CONSTANT_CONVERSION = YES;
				CLANG_WARN_DIRECT_OBJC_ISA_USAGE = YES_ERROR;
				CLANG_WARN_DOCUMENTATION_COMMENTS = YES;
				CLANG_WARN_EMPTY_BODY = YES;
				CLANG_WARN_ENUM_CONVERSION = YES;
				CLANG_WARN_INFINITE_RECURSION = YES;
				CLANG_WARN_INT_CONVERSION = YES;
				CLANG_WARN_NON_LITERAL_NULL_CONVERSION = YES;
				CLANG_WARN_OBJC_LITERAL_CONVERSION = YES;
				CLANG_WARN_OBJC_ROOT_CLASS = YES_ERROR;
				CLANG_WARN_RANGE_LOOP_ANALYSIS = YES;
				CLANG_WARN_STRICT_PROTOTYPES = YES;
				CLANG_WARN_SUSPICIOUS_MOVE = YES;
				CLANG_WARN_UNGUARDED_AVAILABILITY = YES_AGGRESSIVE;
				CLANG_WARN_UNREACHABLE_CODE = YES;
				CLANG_WARN__DUPLICATE_METHOD_MATCH = YES;
				CODE_SIGN_IDENTITY = "iPhone Developer";
				COPY_PHASE_STRIP = NO;
				DEBUG_INFORMATION_FORMAT = "dwarf-with-dsym";
				ENABLE_NS_ASSERTIONS = NO;
				ENABLE_STRICT_OBJC_MSGSEND = YES;
				GCC_C_LANGUAGE_STANDARD = gnu11;
				GCC_NO_COMMON_BLOCKS = YES;
				GCC_WARN_64_TO_32_BIT_CONVERSION = YES;
				GCC_WARN_ABOUT_RETURN_TYPE = YES_ERROR;
				GCC_WARN_UNDECLARED_SELECTOR = YES;
				GCC_WARN_UNINITIALIZED_AUTOS = YES_AGGRESSIVE;
				GCC_WARN_UNUSED_FUNCTION = YES;
				GCC_WARN_UNUSED_VARIABLE = YES;
				IPHONEOS_DEPLOYMENT_TARGET = 11.2;
				MTL_ENABLE_DEBUG_INFO = NO;
				SDKROOT = iphoneos;
				SWIFT_OPTIMIZATION_LEVEL = "-Owholemodule";
				VALIDATE_PRODUCT = YES;
			};
			name = Release;
		};
		FECA909920614A880077571E /* Debug */ = {
			isa = XCBuildConfiguration;
			buildSettings = {
				ASSETCATALOG_COMPILER_APPICON_NAME = AppIcon;
				CODE_SIGN_STYLE = Automatic;
				DEVELOPMENT_TEAM = 644429XKT2;
				INFOPLIST_FILE = TableViewMVC/Info.plist;
				LD_RUNPATH_SEARCH_PATHS = "$(inherited) @executable_path/Frameworks";
				PRODUCT_BUNDLE_IDENTIFIER = com.TableViewMVC;
				PRODUCT_NAME = "$(TARGET_NAME)";
				SWIFT_VERSION = 4.0;
				TARGETED_DEVICE_FAMILY = "1,2";
			};
			name = Debug;
		};
		FECA909A20614A880077571E /* Release */ = {
			isa = XCBuildConfiguration;
			buildSettings = {
				ASSETCATALOG_COMPILER_APPICON_NAME = AppIcon;
				CODE_SIGN_STYLE = Automatic;
				DEVELOPMENT_TEAM = 644429XKT2;
				INFOPLIST_FILE = TableViewMVC/Info.plist;
				LD_RUNPATH_SEARCH_PATHS = "$(inherited) @executable_path/Frameworks";
				PRODUCT_BUNDLE_IDENTIFIER = com.TableViewMVC;
				PRODUCT_NAME = "$(TARGET_NAME)";
				SWIFT_VERSION = 4.0;
				TARGETED_DEVICE_FAMILY = "1,2";
			};
			name = Release;
		};
/* End XCBuildConfiguration section */

/* Begin XCConfigurationList section */
		FECA908120614A880077571E /* Build configuration list for PBXProject "TableViewMVC" */ = {
			isa = XCConfigurationList;
			buildConfigurations = (
				FECA909620614A880077571E /* Debug */,
				FECA909720614A880077571E /* Release */,
			);
			defaultConfigurationIsVisible = 0;
			defaultConfigurationName = Release;
		};
		FECA909820614A880077571E /* Build configuration list for PBXNativeTarget "TableViewMVC" */ = {
			isa = XCConfigurationList;
			buildConfigurations = (
				FECA909920614A880077571E /* Debug */,
				FECA909A20614A880077571E /* Release */,
			);
			defaultConfigurationIsVisible = 0;
			defaultConfigurationName = Release;
		};
/* End XCConfigurationList section */
	};
	rootObject = FECA907E20614A880077571E /* Project object */;
}
